# THIS IS AN AUTOGENERATED FILE. DO NOT EDIT THIS FILE DIRECTLY.
# yarn lockfile v1


"@types/stats.js@*":
  version "0.17.4"
  resolved "https://registry.yarnpkg.com/@types/stats.js/-/stats.js-0.17.4.tgz#1933e5ff153a23c7664487833198d685c22e791e"
  integrity sha512-jIBvWWShCvlBqBNIZt0KAshWpvSjhkwkEu4ZUcASoAvhmrgAUI2t1dXrjSL4xXVLB4FznPrIsX3nKXFl/Dt4vA==

"@types/webxr@*":
  version "0.5.22"
  resolved "https://registry.yarnpkg.com/@types/webxr/-/webxr-0.5.22.tgz#d8a14c12bbfaaa4a13de21ec2d4a8197b3e1b532"
  integrity sha512-Vr6Stjv5jPRqH690f5I5GLjVk8GSsoQSYJ2FVd/3jJF7KaqfwPi3ehfBS96mlQ2kPCwZaX6U0rG2+NGHBKkA/A==

fflate@~0.6.10:
  version "0.6.10"
  resolved "https://registry.yarnpkg.com/fflate/-/fflate-0.6.10.tgz#5f40f9659205936a2d18abf88b2e7781662b6d43"
  integrity sha512-IQrh3lEPM93wVCEczc9SaAOvkmcoQn/G8Bo1e8ZPlY3X3bnAxWaBdvTdvM1hP62iZp0BXWDy4vTAy4fF0+Dlpg==

meshoptimizer@~0.18.1:
  version "0.18.1"
  resolved "https://registry.yarnpkg.com/meshoptimizer/-/meshoptimizer-0.18.1.tgz#cdb90907f30a7b5b1190facd3b7ee6b7087797d8"
  integrity sha512-ZhoIoL7TNV4s5B6+rx5mC//fw8/POGyNxS/DZyCJeiZ12ScLfVwRE/GfsxwiTkMYYD5DmK2/JXnEVXqL4rF+Sw==
